
Microsoft Visual Studio Solution File, Format Version 12.00
# Visual Studio Version 17
VisualStudioVersion = 17.9.34622.214
MinimumVisualStudioVersion = 10.0.40219.1
Project("{FAE04EC0-301F-11D3-BF4B-00C04F79EFBC}") = "DemoWebAPI", "DemoWebAPI\DemoWebAPI.csproj", "{1EBA8443-3DDA-40C0-8AB9-DA4AC4D035CE}"
EndProject
Global
	GlobalSection(SolutionConfigurationPlatforms) = preSolution
		Debug|Any CPU = Debug|Any CPU
		Release|Any CPU = Release|Any CPU
	EndGlobalSection
	GlobalSection(ProjectConfigurationPlatforms) = postSolution
		{1EBA8443-3DDA-40C0-8AB9-DA4AC4D035CE}.Debug|Any CPU.ActiveCfg = Debug|Any CPU
		{1EBA8443-3DDA-40C0-8AB9-DA4AC4D035CE}.Debug|Any CPU.Build.0 = Debug|Any CPU
		{1EBA8443-3DDA-40C0-8AB9-DA4AC4D035CE}.Release|Any CPU.ActiveCfg = Release|Any CPU
		{1EBA8443-3DDA-40C0-8AB9-DA4AC4D035CE}.Release|Any CPU.Build.0 = Release|Any CPU
	EndGlobalSection
	GlobalSection(SolutionProperties) = preSolution
		HideSolutionNode = FALSE
	EndGlobalSection
	GlobalSection(ExtensibilityGlobals) = postSolution
		SolutionGuid = {B8B26258-196F-4CEB-A43A-77D7DA3052B6}
	EndGlobalSection
EndGlobal
